
Microsoft Visual Studio Solution File, Format Version 12.00
# Visual Studio Version 16
VisualStudioVersion = 16.0.30804.86
MinimumVisualStudioVersion = 10.0.40219.1
Project("{FAE04EC0-301F-11D3-BF4B-00C04F79EFBC}") = "BlazorWasmEFCoreExample", "BlazorWasmEFCoreExample\BlazorWasmEFCoreExample.csproj", "{01BC42C3-52AB-447F-8B3B-0724E7B49D54}"
EndProject
Project("{FAE04EC0-301F-11D3-BF4B-00C04F79EFBC}") = "ContactsApp.Model", "ContactsApp.Model\ContactsApp.Model.csproj", "{E9952BFA-E99C-4FC7-8837-FB4142FB8465}"
EndProject
Project("{FAE04EC0-301F-11D3-BF4B-00C04F79EFBC}") = "ContactsApp.BaseRepository", "ContactsApp.BaseRepository\ContactsApp.BaseRepository.csproj", "{2E958D34-AA3A-452C-8276-AAD09AEDB3B4}"
EndProject
Project("{FAE04EC0-301F-11D3-BF4B-00C04F79EFBC}") = "ContactsApp.DataAccess", "ContactsApp.DataAccess\ContactsApp.DataAccess.csproj", "{52BD0630-AB3D-4EFC-8815-098F19DA2B58}"
EndProject
Global
	GlobalSection(SolutionConfigurationPlatforms) = preSolution
		Debug|Any CPU = Debug|Any CPU
		Release|Any CPU = Release|Any CPU
	EndGlobalSection
	GlobalSection(ProjectConfigurationPlatforms) = postSolution
		{01BC42C3-52AB-447F-8B3B-0724E7B49D54}.Debug|Any CPU.ActiveCfg = Debug|Any CPU
		{01BC42C3-52AB-447F-8B3B-0724E7B49D54}.Debug|Any CPU.Build.0 = Debug|Any CPU
		{01BC42C3-52AB-447F-8B3B-0724E7B49D54}.Release|Any CPU.ActiveCfg = Release|Any CPU
		{01BC42C3-52AB-447F-8B3B-0724E7B49D54}.Release|Any CPU.Build.0 = Release|Any CPU
		{E9952BFA-E99C-4FC7-8837-FB4142FB8465}.Debug|Any CPU.ActiveCfg = Debug|Any CPU
		{E9952BFA-E99C-4FC7-8837-FB4142FB8465}.Debug|Any CPU.Build.0 = Debug|Any CPU
		{E9952BFA-E99C-4FC7-8837-FB4142FB8465}.Release|Any CPU.ActiveCfg = Release|Any CPU
		{E9952BFA-E99C-4FC7-8837-FB4142FB8465}.Release|Any CPU.Build.0 = Release|Any CPU
		{2E958D34-AA3A-452C-8276-AAD09AEDB3B4}.Debug|Any CPU.ActiveCfg = Debug|Any CPU
		{2E958D34-AA3A-452C-8276-AAD09AEDB3B4}.Debug|Any CPU.Build.0 = Debug|Any CPU
		{2E958D34-AA3A-452C-8276-AAD09AEDB3B4}.Release|Any CPU.ActiveCfg = Release|Any CPU
		{2E958D34-AA3A-452C-8276-AAD09AEDB3B4}.Release|Any CPU.Build.0 = Release|Any CPU
		{52BD0630-AB3D-4EFC-8815-098F19DA2B58}.Debug|Any CPU.ActiveCfg = Debug|Any CPU
		{52BD0630-AB3D-4EFC-8815-098F19DA2B58}.Debug|Any CPU.Build.0 = Debug|Any CPU
		{52BD0630-AB3D-4EFC-8815-098F19DA2B58}.Release|Any CPU.ActiveCfg = Release|Any CPU
		{52BD0630-AB3D-4EFC-8815-098F19DA2B58}.Release|Any CPU.Build.0 = Release|Any CPU
	EndGlobalSection
	GlobalSection(SolutionProperties) = preSolution
		HideSolutionNode = FALSE
	EndGlobalSection
	GlobalSection(ExtensibilityGlobals) = postSolution
		SolutionGuid = {F4C72ACC-3CB3-48AF-BFA9-3DF4D144D8FC}
	EndGlobalSection
EndGlobal
