
Microsoft Visual Studio Solution File, Format Version 12.00
# Visual Studio Version 16
VisualStudioVersion = 16.0.30804.86
MinimumVisualStudioVersion = 10.0.40219.1
Project("{9A19103F-16F7-4668-BE54-9A1E7A4F7556}") = "ContactsApp.Model", "ContactsApp.Model\ContactsApp.Model.csproj", "{E9952BFA-E99C-4FC7-8837-FB4142FB8465}"
EndProject
Project("{9A19103F-16F7-4668-BE54-9A1E7A4F7556}") = "ContactsApp.BaseRepository", "ContactsApp.BaseRepository\ContactsApp.BaseRepository.csproj", "{2E958D34-AA3A-452C-8276-AAD09AEDB3B4}"
EndProject
Project("{9A19103F-16F7-4668-BE54-9A1E7A4F7556}") = "ContactsApp.DataAccess", "ContactsApp.DataAccess\ContactsApp.DataAccess.csproj", "{52BD0630-AB3D-4EFC-8815-098F19DA2B58}"
EndProject
Project("{9A19103F-16F7-4668-BE54-9A1E7A4F7556}") = "ContactsApp.Repository", "ContactsApp.Repository\ContactsApp.Repository.csproj", "{C8AF5C4B-AA84-4E45-B488-CB7DD0AC7D0E}"
EndProject
Project("{9A19103F-16F7-4668-BE54-9A1E7A4F7556}") = "ContactsApp.Server", "ContactsApp\Server\ContactsApp.Server.csproj", "{DF5FFA4F-3B58-45E7-ABDA-180AE0B702D6}"
EndProject
Project("{9A19103F-16F7-4668-BE54-9A1E7A4F7556}") = "ContactsApp.Client", "ContactsApp\Client\ContactsApp.Client.csproj", "{E69D8A63-FACF-4B50-82C5-9AFD99349E49}"
EndProject
Project("{9A19103F-16F7-4668-BE54-9A1E7A4F7556}") = "ContactsApp.Controls", "ContactsApp.Controls\ContactsApp.Controls.csproj", "{BC0AEC37-704B-4B72-B842-5D3CA6880B48}"
EndProject
Global
	GlobalSection(SolutionConfigurationPlatforms) = preSolution
		Debug|Any CPU = Debug|Any CPU
		Release|Any CPU = Release|Any CPU
	EndGlobalSection
	GlobalSection(ProjectConfigurationPlatforms) = postSolution
		{E9952BFA-E99C-4FC7-8837-FB4142FB8465}.Debug|Any CPU.ActiveCfg = Debug|Any CPU
		{E9952BFA-E99C-4FC7-8837-FB4142FB8465}.Debug|Any CPU.Build.0 = Debug|Any CPU
		{E9952BFA-E99C-4FC7-8837-FB4142FB8465}.Release|Any CPU.ActiveCfg = Release|Any CPU
		{E9952BFA-E99C-4FC7-8837-FB4142FB8465}.Release|Any CPU.Build.0 = Release|Any CPU
		{2E958D34-AA3A-452C-8276-AAD09AEDB3B4}.Debug|Any CPU.ActiveCfg = Debug|Any CPU
		{2E958D34-AA3A-452C-8276-AAD09AEDB3B4}.Debug|Any CPU.Build.0 = Debug|Any CPU
		{2E958D34-AA3A-452C-8276-AAD09AEDB3B4}.Release|Any CPU.ActiveCfg = Release|Any CPU
		{2E958D34-AA3A-452C-8276-AAD09AEDB3B4}.Release|Any CPU.Build.0 = Release|Any CPU
		{52BD0630-AB3D-4EFC-8815-098F19DA2B58}.Debug|Any CPU.ActiveCfg = Debug|Any CPU
		{52BD0630-AB3D-4EFC-8815-098F19DA2B58}.Debug|Any CPU.Build.0 = Debug|Any CPU
		{52BD0630-AB3D-4EFC-8815-098F19DA2B58}.Release|Any CPU.ActiveCfg = Release|Any CPU
		{52BD0630-AB3D-4EFC-8815-098F19DA2B58}.Release|Any CPU.Build.0 = Release|Any CPU
		{C8AF5C4B-AA84-4E45-B488-CB7DD0AC7D0E}.Debug|Any CPU.ActiveCfg = Debug|Any CPU
		{C8AF5C4B-AA84-4E45-B488-CB7DD0AC7D0E}.Debug|Any CPU.Build.0 = Debug|Any CPU
		{C8AF5C4B-AA84-4E45-B488-CB7DD0AC7D0E}.Release|Any CPU.ActiveCfg = Release|Any CPU
		{C8AF5C4B-AA84-4E45-B488-CB7DD0AC7D0E}.Release|Any CPU.Build.0 = Release|Any CPU
		{DF5FFA4F-3B58-45E7-ABDA-180AE0B702D6}.Debug|Any CPU.ActiveCfg = Debug|Any CPU
		{DF5FFA4F-3B58-45E7-ABDA-180AE0B702D6}.Debug|Any CPU.Build.0 = Debug|Any CPU
		{DF5FFA4F-3B58-45E7-ABDA-180AE0B702D6}.Release|Any CPU.ActiveCfg = Release|Any CPU
		{DF5FFA4F-3B58-45E7-ABDA-180AE0B702D6}.Release|Any CPU.Build.0 = Release|Any CPU
		{E69D8A63-FACF-4B50-82C5-9AFD99349E49}.Debug|Any CPU.ActiveCfg = Debug|Any CPU
		{E69D8A63-FACF-4B50-82C5-9AFD99349E49}.Debug|Any CPU.Build.0 = Debug|Any CPU
		{E69D8A63-FACF-4B50-82C5-9AFD99349E49}.Release|Any CPU.ActiveCfg = Release|Any CPU
		{E69D8A63-FACF-4B50-82C5-9AFD99349E49}.Release|Any CPU.Build.0 = Release|Any CPU
		{BC0AEC37-704B-4B72-B842-5D3CA6880B48}.Debug|Any CPU.ActiveCfg = Debug|Any CPU
		{BC0AEC37-704B-4B72-B842-5D3CA6880B48}.Debug|Any CPU.Build.0 = Debug|Any CPU
		{BC0AEC37-704B-4B72-B842-5D3CA6880B48}.Release|Any CPU.ActiveCfg = Release|Any CPU
		{BC0AEC37-704B-4B72-B842-5D3CA6880B48}.Release|Any CPU.Build.0 = Release|Any CPU
	EndGlobalSection
	GlobalSection(SolutionProperties) = preSolution
		HideSolutionNode = FALSE
	EndGlobalSection
	GlobalSection(ExtensibilityGlobals) = postSolution
		SolutionGuid = {F4C72ACC-3CB3-48AF-BFA9-3DF4D144D8FC}
	EndGlobalSection
EndGlobal
